
Microsoft Visual Studio Solution File, Format Version 12.00
# Visual Studio Version 16
VisualStudioVersion = 16.0.30717.126
MinimumVisualStudioVersion = 10.0.40219.1
Project("{9A19103F-16F7-4668-BE54-9A1E7A4F7556}") = "TVRequest", "TVRequest\TVRequest.csproj", "{DA25F949-E51C-4265-BACB-CAE76D61CECD}"
EndProject
Project("{FAE04EC0-301F-11D3-BF4B-00C04F79EFBC}") = "TVRequester", "TVRequester\TVRequester.csproj", "{5B885158-793D-4DAF-8860-1FA7CA36C323}"
EndProject
Global
	GlobalSection(SolutionConfigurationPlatforms) = preSolution
		Debug|Any CPU = Debug|Any CPU
		Release|Any CPU = Release|Any CPU
	EndGlobalSection
	GlobalSection(ProjectConfigurationPlatforms) = postSolution
		{DA25F949-E51C-4265-BACB-CAE76D61CECD}.Debug|Any CPU.ActiveCfg = Debug|Any CPU
		{DA25F949-E51C-4265-BACB-CAE76D61CECD}.Debug|Any CPU.Build.0 = Debug|Any CPU
		{DA25F949-E51C-4265-BACB-CAE76D61CECD}.Release|Any CPU.ActiveCfg = Release|Any CPU
		{DA25F949-E51C-4265-BACB-CAE76D61CECD}.Release|Any CPU.Build.0 = Release|Any CPU
		{5B885158-793D-4DAF-8860-1FA7CA36C323}.Debug|Any CPU.ActiveCfg = Debug|Any CPU
		{5B885158-793D-4DAF-8860-1FA7CA36C323}.Debug|Any CPU.Build.0 = Debug|Any CPU
		{5B885158-793D-4DAF-8860-1FA7CA36C323}.Release|Any CPU.ActiveCfg = Release|Any CPU
		{5B885158-793D-4DAF-8860-1FA7CA36C323}.Release|Any CPU.Build.0 = Release|Any CPU
	EndGlobalSection
	GlobalSection(SolutionProperties) = preSolution
		HideSolutionNode = FALSE
	EndGlobalSection
	GlobalSection(ExtensibilityGlobals) = postSolution
		SolutionGuid = {3A0A8850-5E92-4892-81E8-692A82DB8175}
	EndGlobalSection
EndGlobal
